// !$*UTF8*$!
{
	archiveVersion = 1;
	classes = {
	};
	objectVersion = 46;
	objects = {

/* Begin PBXBuildFile section */
		AC37BFF31EC230F6001D9BE3 /* VideoTableViewCell.xib in Resources */ = {isa = PBXBuildFile; fileRef = AC37BFF21EC230F6001D9BE3 /* VideoTableViewCell.xib */; };
		AC37BFF51EC23325001D9BE3 /* APIService.swift in Sources */ = {isa = PBXBuildFile; fileRef = AC37BFF41EC23325001D9BE3 /* APIService.swift */; };
		AC37BFF91EC24C5E001D9BE3 /* FeaturedVideosViewController.swift in Sources */ = {isa = PBXBuildFile; fileRef = AC37BFF81EC24C5E001D9BE3 /* FeaturedVideosViewController.swift */; };
		AC37BFFB1EC24C9B001D9BE3 /* NewVideosViewController.swift in Sources */ = {isa = PBXBuildFile; fileRef = AC37BFFA1EC24C9B001D9BE3 /* NewVideosViewController.swift */; };
		AC5581421EC896D9002A4B94 /* VideosTabBarController.swift in Sources */ = {isa = PBXBuildFile; fileRef = AC5581411EC896D9002A4B94 /* VideosTabBarController.swift */; };
		ACA915FF1EC31DEC00587B05 /* Auth.swift in Sources */ = {isa = PBXBuildFile; fileRef = ACA915FE1EC31DEC00587B05 /* Auth.swift */; };
		ACA916011EC328D600587B05 /* APIResponse.swift in Sources */ = {isa = PBXBuildFile; fileRef = ACA916001EC328D600587B05 /* APIResponse.swift */; };
		ACA916031EC3291C00587B05 /* AuthResponse.swift in Sources */ = {isa = PBXBuildFile; fileRef = ACA916021EC3291C00587B05 /* AuthResponse.swift */; };
		ACA916051EC3893200587B05 /* FeedVideosViewController.swift in Sources */ = {isa = PBXBuildFile; fileRef = ACA916041EC3893200587B05 /* FeedVideosViewController.swift */; };
		ACD3AC0D1EC0A959004D351D /* AppDelegate.swift in Sources */ = {isa = PBXBuildFile; fileRef = ACD3AC0C1EC0A959004D351D /* AppDelegate.swift */; };
		ACD3AC121EC0A959004D351D /* Main.storyboard in Resources */ = {isa = PBXBuildFile; fileRef = ACD3AC101EC0A959004D351D /* Main.storyboard */; };
		ACD3AC141EC0A959004D351D /* Assets.xcassets in Resources */ = {isa = PBXBuildFile; fileRef = ACD3AC131EC0A959004D351D /* Assets.xcassets */; };
		ACD3AC171EC0A959004D351D /* LaunchScreen.storyboard in Resources */ = {isa = PBXBuildFile; fileRef = ACD3AC151EC0A959004D351D /* LaunchScreen.storyboard */; };
		ACEC4F7A1EC0AE93007114F0 /* VideosResponse.swift in Sources */ = {isa = PBXBuildFile; fileRef = ACEC4F791EC0AE93007114F0 /* VideosResponse.swift */; };
		ACEC4F7D1EC0B4E3007114F0 /* Video.swift in Sources */ = {isa = PBXBuildFile; fileRef = ACEC4F7C1EC0B4E3007114F0 /* Video.swift */; };
		ACEC4F7F1EC0B4FF007114F0 /* Page.swift in Sources */ = {isa = PBXBuildFile; fileRef = ACEC4F7E1EC0B4FF007114F0 /* Page.swift */; };
		ACEC4F841EC0C443007114F0 /* VideosViewController.swift in Sources */ = {isa = PBXBuildFile; fileRef = ACEC4F831EC0C443007114F0 /* VideosViewController.swift */; };
		ACEC4F861EC0C574007114F0 /* VideoTableViewCell.swift in Sources */ = {isa = PBXBuildFile; fileRef = ACEC4F851EC0C574007114F0 /* VideoTableViewCell.swift */; };
		EB93C97F414D996041CF9B27 /* Pods_Vid_me.framework in Frameworks */ = {isa = PBXBuildFile; fileRef = F94742267BBC2AA94A878FFC /* Pods_Vid_me.framework */; };
/* End PBXBuildFile section */

/* Begin PBXFileReference section */
		3DC77DCCB08D163030794D31 /* Pods-Vid.me.debug.xcconfig */ = {isa = PBXFileReference; includeInIndex = 1; lastKnownFileType = text.xcconfig; name = "Pods-Vid.me.debug.xcconfig"; path = "Pods/Target Support Files/Pods-Vid.me/Pods-Vid.me.debug.xcconfig"; sourceTree = "<group>"; };
		AC37BFF21EC230F6001D9BE3 /* VideoTableViewCell.xib */ = {isa = PBXFileReference; fileEncoding = 4; lastKnownFileType = file.xib; path = VideoTableViewCell.xib; sourceTree = "<group>"; };
		AC37BFF41EC23325001D9BE3 /* APIService.swift */ = {isa = PBXFileReference; fileEncoding = 4; lastKnownFileType = sourcecode.swift; path = APIService.swift; sourceTree = "<group>"; };
		AC37BFF81EC24C5E001D9BE3 /* FeaturedVideosViewController.swift */ = {isa = PBXFileReference; fileEncoding = 4; lastKnownFileType = sourcecode.swift; path = FeaturedVideosViewController.swift; sourceTree = "<group>"; };
		AC37BFFA1EC24C9B001D9BE3 /* NewVideosViewController.swift */ = {isa = PBXFileReference; fileEncoding = 4; lastKnownFileType = sourcecode.swift; path = NewVideosViewController.swift; sourceTree = "<group>"; };
		AC5581411EC896D9002A4B94 /* VideosTabBarController.swift */ = {isa = PBXFileReference; fileEncoding = 4; lastKnownFileType = sourcecode.swift; path = VideosTabBarController.swift; sourceTree = "<group>"; };
		ACA915FE1EC31DEC00587B05 /* Auth.swift */ = {isa = PBXFileReference; fileEncoding = 4; lastKnownFileType = sourcecode.swift; path = Auth.swift; sourceTree = "<group>"; };
		ACA916001EC328D600587B05 /* APIResponse.swift */ = {isa = PBXFileReference; fileEncoding = 4; lastKnownFileType = sourcecode.swift; path = APIResponse.swift; sourceTree = "<group>"; };
		ACA916021EC3291C00587B05 /* AuthResponse.swift */ = {isa = PBXFileReference; fileEncoding = 4; lastKnownFileType = sourcecode.swift; path = AuthResponse.swift; sourceTree = "<group>"; };
		ACA916041EC3893200587B05 /* FeedVideosViewController.swift */ = {isa = PBXFileReference; fileEncoding = 4; lastKnownFileType = sourcecode.swift; path = FeedVideosViewController.swift; sourceTree = "<group>"; };
		ACD3AC091EC0A959004D351D /* Vid.me.app */ = {isa = PBXFileReference; explicitFileType = wrapper.application; includeInIndex = 0; path = Vid.me.app; sourceTree = BUILT_PRODUCTS_DIR; };
		ACD3AC0C1EC0A959004D351D /* AppDelegate.swift */ = {isa = PBXFileReference; lastKnownFileType = sourcecode.swift; path = AppDelegate.swift; sourceTree = "<group>"; };
		ACD3AC111EC0A959004D351D /* Base */ = {isa = PBXFileReference; lastKnownFileType = file.storyboard; name = Base; path = Base.lproj/Main.storyboard; sourceTree = "<group>"; };
		ACD3AC131EC0A959004D351D /* Assets.xcassets */ = {isa = PBXFileReference; lastKnownFileType = folder.assetcatalog; path = Assets.xcassets; sourceTree = "<group>"; };
		ACD3AC161EC0A959004D351D /* Base */ = {isa = PBXFileReference; lastKnownFileType = file.storyboard; name = Base; path = Base.lproj/LaunchScreen.storyboard; sourceTree = "<group>"; };
		ACD3AC181EC0A959004D351D /* Info.plist */ = {isa = PBXFileReference; lastKnownFileType = text.plist.xml; path = Info.plist; sourceTree = "<group>"; };
		ACEC4F791EC0AE93007114F0 /* VideosResponse.swift */ = {isa = PBXFileReference; fileEncoding = 4; lastKnownFileType = sourcecode.swift; path = VideosResponse.swift; sourceTree = "<group>"; };
		ACEC4F7C1EC0B4E3007114F0 /* Video.swift */ = {isa = PBXFileReference; fileEncoding = 4; lastKnownFileType = sourcecode.swift; path = Video.swift; sourceTree = "<group>"; };
		ACEC4F7E1EC0B4FF007114F0 /* Page.swift */ = {isa = PBXFileReference; fileEncoding = 4; lastKnownFileType = sourcecode.swift; path = Page.swift; sourceTree = "<group>"; };
		ACEC4F831EC0C443007114F0 /* VideosViewController.swift */ = {isa = PBXFileReference; fileEncoding = 4; lastKnownFileType = sourcecode.swift; path = VideosViewController.swift; sourceTree = "<group>"; };
		ACEC4F851EC0C574007114F0 /* VideoTableViewCell.swift */ = {isa = PBXFileReference; fileEncoding = 4; lastKnownFileType = sourcecode.swift; path = VideoTableViewCell.swift; sourceTree = "<group>"; };
		F3A44217F6002A025012B814 /* Pods-Vid.me.release.xcconfig */ = {isa = PBXFileReference; includeInIndex = 1; lastKnownFileType = text.xcconfig; name = "Pods-Vid.me.release.xcconfig"; path = "Pods/Target Support Files/Pods-Vid.me/Pods-Vid.me.release.xcconfig"; sourceTree = "<group>"; };
		F94742267BBC2AA94A878FFC /* Pods_Vid_me.framework */ = {isa = PBXFileReference; explicitFileType = wrapper.framework; includeInIndex = 0; path = Pods_Vid_me.framework; sourceTree = BUILT_PRODUCTS_DIR; };
/* End PBXFileReference section */

/* Begin PBXFrameworksBuildPhase section */
		ACD3AC061EC0A959004D351D /* Frameworks */ = {
			isa = PBXFrameworksBuildPhase;
			buildActionMask = 2147483647;
			files = (
				EB93C97F414D996041CF9B27 /* Pods_Vid_me.framework in Frameworks */,
			);
			runOnlyForDeploymentPostprocessing = 0;
		};
/* End PBXFrameworksBuildPhase section */

/* Begin PBXGroup section */
		98CFB2DE9E807D5E0A587E6D /* Pods */ = {
			isa = PBXGroup;
			children = (
				3DC77DCCB08D163030794D31 /* Pods-Vid.me.debug.xcconfig */,
				F3A44217F6002A025012B814 /* Pods-Vid.me.release.xcconfig */,
			);
			name = Pods;
			sourceTree = "<group>";
		};
		AC37BFFC1EC24EE8001D9BE3 /* View Controllers */ = {
			isa = PBXGroup;
			children = (
				ACEC4F831EC0C443007114F0 /* VideosViewController.swift */,
				AC37BFF81EC24C5E001D9BE3 /* FeaturedVideosViewController.swift */,
				AC37BFFA1EC24C9B001D9BE3 /* NewVideosViewController.swift */,
				ACA916041EC3893200587B05 /* FeedVideosViewController.swift */,
				AC5581411EC896D9002A4B94 /* VideosTabBarController.swift */,
			);
			name = "View Controllers";
			sourceTree = "<group>";
		};
		ACD3AC001EC0A959004D351D = {
			isa = PBXGroup;
			children = (
				ACD3AC0B1EC0A959004D351D /* Vid.me */,
				ACD3AC0A1EC0A959004D351D /* Products */,
				98CFB2DE9E807D5E0A587E6D /* Pods */,
				ACFF64B227C4DD891CB09DB4 /* Frameworks */,
			);
			sourceTree = "<group>";
		};
		ACD3AC0A1EC0A959004D351D /* Products */ = {
			isa = PBXGroup;
			children = (
				ACD3AC091EC0A959004D351D /* Vid.me.app */,
			);
			name = Products;
			sourceTree = "<group>";
		};
		ACD3AC0B1EC0A959004D351D /* Vid.me */ = {
			isa = PBXGroup;
			children = (
				ACD3AC0C1EC0A959004D351D /* AppDelegate.swift */,
				ACD3AC101EC0A959004D351D /* Main.storyboard */,
				ACD3AC131EC0A959004D351D /* Assets.xcassets */,
				ACD3AC151EC0A959004D351D /* LaunchScreen.storyboard */,
				ACD3AC181EC0A959004D351D /* Info.plist */,
				ACEC4F801EC0B83F007114F0 /* API */,
				ACEC4F7B1EC0AE96007114F0 /* Model */,
				AC37BFFC1EC24EE8001D9BE3 /* View Controllers */,
				ACEC4F851EC0C574007114F0 /* VideoTableViewCell.swift */,
				AC37BFF21EC230F6001D9BE3 /* VideoTableViewCell.xib */,
			);
			path = Vid.me;
			sourceTree = "<group>";
		};
		ACEC4F7B1EC0AE96007114F0 /* Model */ = {
			isa = PBXGroup;
			children = (
				ACA916001EC328D600587B05 /* APIResponse.swift */,
				ACEC4F791EC0AE93007114F0 /* VideosResponse.swift */,
				ACEC4F7C1EC0B4E3007114F0 /* Video.swift */,
				ACEC4F7E1EC0B4FF007114F0 /* Page.swift */,
				ACA916021EC3291C00587B05 /* AuthResponse.swift */,
				ACA915FE1EC31DEC00587B05 /* Auth.swift */,
			);
			name = Model;
			sourceTree = "<group>";
		};
		ACEC4F801EC0B83F007114F0 /* API */ = {
			isa = PBXGroup;
			children = (
				AC37BFF41EC23325001D9BE3 /* APIService.swift */,
			);
			name = API;
			sourceTree = "<group>";
		};
		ACFF64B227C4DD891CB09DB4 /* Frameworks */ = {
			isa = PBXGroup;
			children = (
				F94742267BBC2AA94A878FFC /* Pods_Vid_me.framework */,
			);
			name = Frameworks;
			sourceTree = "<group>";
		};
/* End PBXGroup section */

/* Begin PBXNativeTarget section */
		ACD3AC081EC0A959004D351D /* Vid.me */ = {
			isa = PBXNativeTarget;
			buildConfigurationList = ACD3AC1B1EC0A959004D351D /* Build configuration list for PBXNativeTarget "Vid.me" */;
			buildPhases = (
				3E5F98F2C036B2D709DF4548 /* [CP] Check Pods Manifest.lock */,
				ACD3AC051EC0A959004D351D /* Sources */,
				ACD3AC061EC0A959004D351D /* Frameworks */,
				ACD3AC071EC0A959004D351D /* Resources */,
				C7CBF3E1A495FD1BB25DBB87 /* [CP] Embed Pods Frameworks */,
				85341E086F39DA6A5703D8DF /* [CP] Copy Pods Resources */,
			);
			buildRules = (
			);
			dependencies = (
			);
			name = Vid.me;
			productName = Vid.me;
			productReference = ACD3AC091EC0A959004D351D /* Vid.me.app */;
			productType = "com.apple.product-type.application";
		};
/* End PBXNativeTarget section */

/* Begin PBXProject section */
		ACD3AC011EC0A959004D351D /* Project object */ = {
			isa = PBXProject;
			attributes = {
				LastSwiftUpdateCheck = 0830;
				LastUpgradeCheck = 0830;
				ORGANIZATIONNAME = "Artem Tverdokhlebov";
				TargetAttributes = {
					ACD3AC081EC0A959004D351D = {
						CreatedOnToolsVersion = 8.3.2;
						DevelopmentTeam = G6CFUV5Q49;
						ProvisioningStyle = Automatic;
					};
				};
			};
			buildConfigurationList = ACD3AC041EC0A959004D351D /* Build configuration list for PBXProject "Vid.me" */;
			compatibilityVersion = "Xcode 3.2";
			developmentRegion = English;
			hasScannedForEncodings = 0;
			knownRegions = (
				en,
				Base,
			);
			mainGroup = ACD3AC001EC0A959004D351D;
			productRefGroup = ACD3AC0A1EC0A959004D351D /* Products */;
			projectDirPath = "";
			projectRoot = "";
			targets = (
				ACD3AC081EC0A959004D351D /* Vid.me */,
			);
		};
/* End PBXProject section */

/* Begin PBXResourcesBuildPhase section */
		ACD3AC071EC0A959004D351D /* Resources */ = {
			isa = PBXResourcesBuildPhase;
			buildActionMask = 2147483647;
			files = (
				ACD3AC171EC0A959004D351D /* LaunchScreen.storyboard in Resources */,
				AC37BFF31EC230F6001D9BE3 /* VideoTableViewCell.xib in Resources */,
				ACD3AC141EC0A959004D351D /* Assets.xcassets in Resources */,
				ACD3AC121EC0A959004D351D /* Main.storyboard in Resources */,
			);
			runOnlyForDeploymentPostprocessing = 0;
		};
/* End PBXResourcesBuildPhase section */

/* Begin PBXShellScriptBuildPhase section */
		3E5F98F2C036B2D709DF4548 /* [CP] Check Pods Manifest.lock */ = {
			isa = PBXShellScriptBuildPhase;
			buildActionMask = 2147483647;
			files = (
			);
			inputPaths = (
			);
			name = "[CP] Check Pods Manifest.lock";
			outputPaths = (
			);
			runOnlyForDeploymentPostprocessing = 0;
			shellPath = /bin/sh;
			shellScript = "diff \"${PODS_PODFILE_DIR_PATH}/Podfile.lock\" \"${PODS_ROOT}/Manifest.lock\" > /dev/null\nif [ $? != 0 ] ; then\n    # print error to STDERR\n    echo \"error: The sandbox is not in sync with the Podfile.lock. Run 'pod install' or update your CocoaPods installation.\" >&2\n    exit 1\nfi\n";
			showEnvVarsInLog = 0;
		};
		85341E086F39DA6A5703D8DF /* [CP] Copy Pods Resources */ = {
			isa = PBXShellScriptBuildPhase;
			buildActionMask = 2147483647;
			files = (
			);
			inputPaths = (
			);
			name = "[CP] Copy Pods Resources";
			outputPaths = (
			);
			runOnlyForDeploymentPostprocessing = 0;
			shellPath = /bin/sh;
			shellScript = "\"${SRCROOT}/Pods/Target Support Files/Pods-Vid.me/Pods-Vid.me-resources.sh\"\n";
			showEnvVarsInLog = 0;
		};
		C7CBF3E1A495FD1BB25DBB87 /* [CP] Embed Pods Frameworks */ = {
			isa = PBXShellScriptBuildPhase;
			buildActionMask = 2147483647;
			files = (
			);
			inputPaths = (
			);
			name = "[CP] Embed Pods Frameworks";
			outputPaths = (
			);
			runOnlyForDeploymentPostprocessing = 0;
			shellPath = /bin/sh;
			shellScript = "\"${SRCROOT}/Pods/Target Support Files/Pods-Vid.me/Pods-Vid.me-frameworks.sh\"\n";
			showEnvVarsInLog = 0;
		};
/* End PBXShellScriptBuildPhase section */

/* Begin PBXSourcesBuildPhase section */
		ACD3AC051EC0A959004D351D /* Sources */ = {
			isa = PBXSourcesBuildPhase;
			buildActionMask = 2147483647;
			files = (
				ACA916031EC3291C00587B05 /* AuthResponse.swift in Sources */,
				ACEC4F7A1EC0AE93007114F0 /* VideosResponse.swift in Sources */,
				ACEC4F7F1EC0B4FF007114F0 /* Page.swift in Sources */,
				ACD3AC0D1EC0A959004D351D /* AppDelegate.swift in Sources */,
				ACEC4F861EC0C574007114F0 /* VideoTableViewCell.swift in Sources */,
				ACA916011EC328D600587B05 /* APIResponse.swift in Sources */,
				AC37BFFB1EC24C9B001D9BE3 /* NewVideosViewController.swift in Sources */,
				AC5581421EC896D9002A4B94 /* VideosTabBarController.swift in Sources */,
				ACA915FF1EC31DEC00587B05 /* Auth.swift in Sources */,
				ACEC4F7D1EC0B4E3007114F0 /* Video.swift in Sources */,
				AC37BFF51EC23325001D9BE3 /* APIService.swift in Sources */,
				AC37BFF91EC24C5E001D9BE3 /* FeaturedVideosViewController.swift in Sources */,
				ACA916051EC3893200587B05 /* FeedVideosViewController.swift in Sources */,
				ACEC4F841EC0C443007114F0 /* VideosViewController.swift in Sources */,
			);
			runOnlyForDeploymentPostprocessing = 0;
		};
/* End PBXSourcesBuildPhase section */

/* Begin PBXVariantGroup section */
		ACD3AC101EC0A959004D351D /* Main.storyboard */ = {
			isa = PBXVariantGroup;
			children = (
				ACD3AC111EC0A959004D351D /* Base */,
			);
			name = Main.storyboard;
			sourceTree = "<group>";
		};
		ACD3AC151EC0A959004D351D /* LaunchScreen.storyboard */ = {
			isa = PBXVariantGroup;
			children = (
				ACD3AC161EC0A959004D351D /* Base */,
			);
			name = LaunchScreen.storyboard;
			sourceTree = "<group>";
		};
/* End PBXVariantGroup section */

/* Begin XCBuildConfiguration section */
		ACD3AC191EC0A959004D351D /* Debug */ = {
			isa = XCBuildConfiguration;
			buildSettings = {
				ALWAYS_SEARCH_USER_PATHS = NO;
				CLANG_ANALYZER_NONNULL = YES;
				CLANG_ANALYZER_NUMBER_OBJECT_CONVERSION = YES_AGGRESSIVE;
				CLANG_CXX_LANGUAGE_STANDARD = "gnu++0x";
				CLANG_CXX_LIBRARY = "libc++";
				CLANG_ENABLE_MODULES = YES;
				CLANG_ENABLE_OBJC_ARC = YES;
				CLANG_WARN_BOOL_CONVERSION = YES;
				CLANG_WARN_CONSTANT_CONVERSION = YES;
				CLANG_WARN_DIRECT_OBJC_ISA_USAGE = YES_ERROR;
				CLANG_WARN_DOCUMENTATION_COMMENTS = YES;
				CLANG_WARN_EMPTY_BODY = YES;
				CLANG_WARN_ENUM_CONVERSION = YES;
				CLANG_WARN_INFINITE_RECURSION = YES;
				CLANG_WARN_INT_CONVERSION = YES;
				CLANG_WARN_OBJC_ROOT_CLASS = YES_ERROR;
				CLANG_WARN_SUSPICIOUS_MOVE = YES;
				CLANG_WARN_UNREACHABLE_CODE = YES;
				CLANG_WARN__DUPLICATE_METHOD_MATCH = YES;
				"CODE_SIGN_IDENTITY[sdk=iphoneos*]" = "iPhone Developer";
				COPY_PHASE_STRIP = NO;
				DEBUG_INFORMATION_FORMAT = dwarf;
				ENABLE_STRICT_OBJC_MSGSEND = YES;
				ENABLE_TESTABILITY = YES;
				GCC_C_LANGUAGE_STANDARD = gnu99;
				GCC_DYNAMIC_NO_PIC = NO;
				GCC_NO_COMMON_BLOCKS = YES;
				GCC_OPTIMIZATION_LEVEL = 0;
				GCC_PREPROCESSOR_DEFINITIONS = (
					"DEBUG=1",
					"$(inherited)",
				);
				GCC_WARN_64_TO_32_BIT_CONVERSION = YES;
				GCC_WARN_ABOUT_RETURN_TYPE = YES_ERROR;
				GCC_WARN_UNDECLARED_SELECTOR = YES;
				GCC_WARN_UNINITIALIZED_AUTOS = YES_AGGRESSIVE;
				GCC_WARN_UNUSED_FUNCTION = YES;
				GCC_WARN_UNUSED_VARIABLE = YES;
				IPHONEOS_DEPLOYMENT_TARGET = 10.3;
				MTL_ENABLE_DEBUG_INFO = YES;
				ONLY_ACTIVE_ARCH = YES;
				SDKROOT = iphoneos;
				SWIFT_ACTIVE_COMPILATION_CONDITIONS = DEBUG;
				SWIFT_OPTIMIZATION_LEVEL = "-Onone";
			};
			name = Debug;
		};
		ACD3AC1A1EC0A959004D351D /* Release */ = {
			isa = XCBuildConfiguration;
			buildSettings = {
				ALWAYS_SEARCH_USER_PATHS = NO;
				CLANG_ANALYZER_NONNULL = YES;
				CLANG_ANALYZER_NUMBER_OBJECT_CONVERSION = YES_AGGRESSIVE;
				CLANG_CXX_LANGUAGE_STANDARD = "gnu++0x";
				CLANG_CXX_LIBRARY = "libc++";
				CLANG_ENABLE_MODULES = YES;
				CLANG_ENABLE_OBJC_ARC = YES;
				CLANG_WARN_BOOL_CONVERSION = YES;
				CLANG_WARN_CONSTANT_CONVERSION = YES;
				CLANG_WARN_DIRECT_OBJC_ISA_USAGE = YES_ERROR;
				CLANG_WARN_DOCUMENTATION_COMMENTS = YES;
				CLANG_WARN_EMPTY_BODY = YES;
				CLANG_WARN_ENUM_CONVERSION = YES;
				CLANG_WARN_INFINITE_RECURSION = YES;
				CLANG_WARN_INT_CONVERSION = YES;
				CLANG_WARN_OBJC_ROOT_CLASS = YES_ERROR;
				CLANG_WARN_SUSPICIOUS_MOVE = YES;
				CLANG_WARN_UNREACHABLE_CODE = YES;
				CLANG_WARN__DUPLICATE_METHOD_MATCH = YES;
				"CODE_SIGN_IDENTITY[sdk=iphoneos*]" = "iPhone Developer";
				COPY_PHASE_STRIP = NO;
				DEBUG_INFORMATION_FORMAT = "dwarf-with-dsym";
				ENABLE_NS_ASSERTIONS = NO;
				ENABLE_STRICT_OBJC_MSGSEND = YES;
				GCC_C_LANGUAGE_STANDARD = gnu99;
				GCC_NO_COMMON_BLOCKS = YES;
				GCC_WARN_64_TO_32_BIT_CONVERSION = YES;
				GCC_WARN_ABOUT_RETURN_TYPE = YES_ERROR;
				GCC_WARN_UNDECLARED_SELECTOR = YES;
				GCC_WARN_UNINITIALIZED_AUTOS = YES_AGGRESSIVE;
				GCC_WARN_UNUSED_FUNCTION = YES;
				GCC_WARN_UNUSED_VARIABLE = YES;
				IPHONEOS_DEPLOYMENT_TARGET = 10.3;
				MTL_ENABLE_DEBUG_INFO = NO;
				SDKROOT = iphoneos;
				SWIFT_OPTIMIZATION_LEVEL = "-Owholemodule";
				VALIDATE_PRODUCT = YES;
			};
			name = Release;
		};
		ACD3AC1C1EC0A959004D351D /* Debug */ = {
			isa = XCBuildConfiguration;
			baseConfigurationReference = 3DC77DCCB08D163030794D31 /* Pods-Vid.me.debug.xcconfig */;
			buildSettings = {
				ASSETCATALOG_COMPILER_APPICON_NAME = AppIcon;
				DEVELOPMENT_TEAM = G6CFUV5Q49;
				INFOPLIST_FILE = Vid.me/Info.plist;
				LD_RUNPATH_SEARCH_PATHS = "$(inherited) @executable_path/Frameworks";
				PRODUCT_BUNDLE_IDENTIFIER = "com.artem10919.Vid-me";
				PRODUCT_NAME = "$(TARGET_NAME)";
				SWIFT_VERSION = 3.0;
			};
			name = Debug;
		};
		ACD3AC1D1EC0A959004D351D /* Release */ = {
			isa = XCBuildConfiguration;
			baseConfigurationReference = F3A44217F6002A025012B814 /* Pods-Vid.me.release.xcconfig */;
			buildSettings = {
				ASSETCATALOG_COMPILER_APPICON_NAME = AppIcon;
				DEVELOPMENT_TEAM = G6CFUV5Q49;
				INFOPLIST_FILE = Vid.me/Info.plist;
				LD_RUNPATH_SEARCH_PATHS = "$(inherited) @executable_path/Frameworks";
				PRODUCT_BUNDLE_IDENTIFIER = "com.artem10919.Vid-me";
				PRODUCT_NAME = "$(TARGET_NAME)";
				SWIFT_VERSION = 3.0;
			};
			name = Release;
		};
/* End XCBuildConfiguration section */

/* Begin XCConfigurationList section */
		ACD3AC041EC0A959004D351D /* Build configuration list for PBXProject "Vid.me" */ = {
			isa = XCConfigurationList;
			buildConfigurations = (
				ACD3AC191EC0A959004D351D /* Debug */,
				ACD3AC1A1EC0A959004D351D /* Release */,
			);
			defaultConfigurationIsVisible = 0;
			defaultConfigurationName = Release;
		};
		ACD3AC1B1EC0A959004D351D /* Build configuration list for PBXNativeTarget "Vid.me" */ = {
			isa = XCConfigurationList;
			buildConfigurations = (
				ACD3AC1C1EC0A959004D351D /* Debug */,
				ACD3AC1D1EC0A959004D351D /* Release */,
			);
			defaultConfigurationIsVisible = 0;
			defaultConfigurationName = Release;
		};
/* End XCConfigurationList section */
	};
	rootObject = ACD3AC011EC0A959004D351D /* Project object */;
}
